
Microsoft Visual Studio Solution File, Format Version 11.00
# Visual C++ Express 2010
Project("{8BC9CEB8-8B4A-11D0-8D11-00A0C91BC942}") = "FormSyuuyaku", "FormSyuuyaku.vcxproj", "{79102B7B-F484-42BB-BBDE-D4A5F13481AD}"
EndProject
Global
	GlobalSection(SolutionConfigurationPlatforms) = preSolution
		Debug|Win32 = Debug|Win32
		Release|Win32 = Release|Win32
	EndGlobalSection
	GlobalSection(ProjectConfigurationPlatforms) = postSolution
		{79102B7B-F484-42BB-BBDE-D4A5F13481AD}.Debug|Win32.ActiveCfg = Debug|Win32
		{79102B7B-F484-42BB-BBDE-D4A5F13481AD}.Debug|Win32.Build.0 = Debug|Win32
		{79102B7B-F484-42BB-BBDE-D4A5F13481AD}.Release|Win32.ActiveCfg = Release|Win32
		{79102B7B-F484-42BB-BBDE-D4A5F13481AD}.Release|Win32.Build.0 = Release|Win32
	EndGlobalSection
	GlobalSection(SolutionProperties) = preSolution
		HideSolutionNode = FALSE
	EndGlobalSection
EndGlobal
